// !$*UTF8*$!
{
	archiveVersion = 1;
	classes = {
	};
	objectVersion = 52;
	objects = {

/* Begin PBXBuildFile section */
		017BBF7C255301B8000D4F9C /* AppDelegate.swift in Sources */ = {isa = PBXBuildFile; fileRef = 017BBF7B255301B8000D4F9C /* AppDelegate.swift */; };
		017BBF7E255301B8000D4F9C /* SceneDelegate.swift in Sources */ = {isa = PBXBuildFile; fileRef = 017BBF7D255301B8000D4F9C /* SceneDelegate.swift */; };
		017BBF80255301B8000D4F9C /* ViewController.swift in Sources */ = {isa = PBXBuildFile; fileRef = 017BBF7F255301B8000D4F9C /* ViewController.swift */; };
		017BBF83255301B8000D4F9C /* Main.storyboard in Resources */ = {isa = PBXBuildFile; fileRef = 017BBF81255301B8000D4F9C /* Main.storyboard */; };
		017BBF85255301BA000D4F9C /* Assets.xcassets in Resources */ = {isa = PBXBuildFile; fileRef = 017BBF84255301BA000D4F9C /* Assets.xcassets */; };
		017BBF88255301BA000D4F9C /* LaunchScreen.storyboard in Resources */ = {isa = PBXBuildFile; fileRef = 017BBF86255301BA000D4F9C /* LaunchScreen.storyboard */; };
		017BBF92255301DD000D4F9C /* W3WSwiftApi in Frameworks */ = {isa = PBXBuildFile; productRef = 017BBF91255301DD000D4F9C /* W3WSwiftApi */; };
/* End PBXBuildFile section */

/* Begin PBXFileReference section */
		017BBF78255301B8000D4F9C /* VoiceAPI.app */ = {isa = PBXFileReference; explicitFileType = wrapper.application; includeInIndex = 0; path = VoiceAPI.app; sourceTree = BUILT_PRODUCTS_DIR; };
		017BBF7B255301B8000D4F9C /* AppDelegate.swift */ = {isa = PBXFileReference; lastKnownFileType = sourcecode.swift; path = AppDelegate.swift; sourceTree = "<group>"; };
		017BBF7D255301B8000D4F9C /* SceneDelegate.swift */ = {isa = PBXFileReference; lastKnownFileType = sourcecode.swift; path = SceneDelegate.swift; sourceTree = "<group>"; };
		017BBF7F255301B8000D4F9C /* ViewController.swift */ = {isa = PBXFileReference; lastKnownFileType = sourcecode.swift; path = ViewController.swift; sourceTree = "<group>"; };
		017BBF82255301B8000D4F9C /* Base */ = {isa = PBXFileReference; lastKnownFileType = file.storyboard; name = Base; path = Base.lproj/Main.storyboard; sourceTree = "<group>"; };
		017BBF84255301BA000D4F9C /* Assets.xcassets */ = {isa = PBXFileReference; lastKnownFileType = folder.assetcatalog; path = Assets.xcassets; sourceTree = "<group>"; };
		017BBF87255301BA000D4F9C /* Base */ = {isa = PBXFileReference; lastKnownFileType = file.storyboard; name = Base; path = Base.lproj/LaunchScreen.storyboard; sourceTree = "<group>"; };
		017BBF89255301BA000D4F9C /* Info.plist */ = {isa = PBXFileReference; lastKnownFileType = text.plist.xml; path = Info.plist; sourceTree = "<group>"; };
/* End PBXFileReference section */

/* Begin PBXFrameworksBuildPhase section */
		017BBF75255301B8000D4F9C /* Frameworks */ = {
			isa = PBXFrameworksBuildPhase;
			buildActionMask = 2147483647;
			files = (
				017BBF92255301DD000D4F9C /* W3WSwiftApi in Frameworks */,
			);
			runOnlyForDeploymentPostprocessing = 0;
		};
/* End PBXFrameworksBuildPhase section */

/* Begin PBXGroup section */
		017BBF6F255301B8000D4F9C = {
			isa = PBXGroup;
			children = (
				017BBF7A255301B8000D4F9C /* VoiceAPI */,
				017BBF79255301B8000D4F9C /* Products */,
			);
			sourceTree = "<group>";
		};
		017BBF79255301B8000D4F9C /* Products */ = {
			isa = PBXGroup;
			children = (
				017BBF78255301B8000D4F9C /* VoiceAPI.app */,
			);
			name = Products;
			sourceTree = "<group>";
		};
		017BBF7A255301B8000D4F9C /* VoiceAPI */ = {
			isa = PBXGroup;
			children = (
				017BBF7B255301B8000D4F9C /* AppDelegate.swift */,
				017BBF7D255301B8000D4F9C /* SceneDelegate.swift */,
				017BBF7F255301B8000D4F9C /* ViewController.swift */,
				017BBF81255301B8000D4F9C /* Main.storyboard */,
				017BBF84255301BA000D4F9C /* Assets.xcassets */,
				017BBF86255301BA000D4F9C /* LaunchScreen.storyboard */,
				017BBF89255301BA000D4F9C /* Info.plist */,
			);
			path = VoiceAPI;
			sourceTree = "<group>";
		};
/* End PBXGroup section */

/* Begin PBXNativeTarget section */
		017BBF77255301B8000D4F9C /* VoiceAPI */ = {
			isa = PBXNativeTarget;
			buildConfigurationList = 017BBF8C255301BA000D4F9C /* Build configuration list for PBXNativeTarget "VoiceAPI" */;
			buildPhases = (
				017BBF74255301B8000D4F9C /* Sources */,
				017BBF75255301B8000D4F9C /* Frameworks */,
				017BBF76255301B8000D4F9C /* Resources */,
			);
			buildRules = (
			);
			dependencies = (
			);
			name = VoiceAPI;
			packageProductDependencies = (
				017BBF91255301DD000D4F9C /* W3WSwiftApi */,
			);
			productName = VoiceAPI;
			productReference = 017BBF78255301B8000D4F9C /* VoiceAPI.app */;
			productType = "com.apple.product-type.application";
		};
/* End PBXNativeTarget section */

/* Begin PBXProject section */
		017BBF70255301B8000D4F9C /* Project object */ = {
			isa = PBXProject;
			attributes = {
				LastSwiftUpdateCheck = 1210;
				LastUpgradeCheck = 1210;
				TargetAttributes = {
					017BBF77255301B8000D4F9C = {
						CreatedOnToolsVersion = 12.1;
					};
				};
			};
			buildConfigurationList = 017BBF73255301B8000D4F9C /* Build configuration list for PBXProject "VoiceAPI" */;
			compatibilityVersion = "Xcode 9.3";
			developmentRegion = en;
			hasScannedForEncodings = 0;
			knownRegions = (
				en,
				Base,
			);
			mainGroup = 017BBF6F255301B8000D4F9C;
			packageReferences = (
				017BBF90255301DD000D4F9C /* XCRemoteSwiftPackageReference "." */,
			);
			productRefGroup = 017BBF79255301B8000D4F9C /* Products */;
			projectDirPath = "";
			projectRoot = "";
			targets = (
				017BBF77255301B8000D4F9C /* VoiceAPI */,
			);
		};
/* End PBXProject section */

/* Begin PBXResourcesBuildPhase section */
		017BBF76255301B8000D4F9C /* Resources */ = {
			isa = PBXResourcesBuildPhase;
			buildActionMask = 2147483647;
			files = (
				017BBF88255301BA000D4F9C /* LaunchScreen.storyboard in Resources */,
				017BBF85255301BA000D4F9C /* Assets.xcassets in Resources */,
				017BBF83255301B8000D4F9C /* Main.storyboard in Resources */,
			);
			runOnlyForDeploymentPostprocessing = 0;
		};
/* End PBXResourcesBuildPhase section */

/* Begin PBXSourcesBuildPhase section */
		017BBF74255301B8000D4F9C /* Sources */ = {
			isa = PBXSourcesBuildPhase;
			buildActionMask = 2147483647;
			files = (
				017BBF80255301B8000D4F9C /* ViewController.swift in Sources */,
				017BBF7C255301B8000D4F9C /* AppDelegate.swift in Sources */,
				017BBF7E255301B8000D4F9C /* SceneDelegate.swift in Sources */,
			);
			runOnlyForDeploymentPostprocessing = 0;
		};
/* End PBXSourcesBuildPhase section */

/* Begin PBXVariantGroup section */
		017BBF81255301B8000D4F9C /* Main.storyboard */ = {
			isa = PBXVariantGroup;
			children = (
				017BBF82255301B8000D4F9C /* Base */,
			);
			name = Main.storyboard;
			sourceTree = "<group>";
		};
		017BBF86255301BA000D4F9C /* LaunchScreen.storyboard */ = {
			isa = PBXVariantGroup;
			children = (
				017BBF87255301BA000D4F9C /* Base */,
			);
			name = LaunchScreen.storyboard;
			sourceTree = "<group>";
		};
/* End PBXVariantGroup section */

/* Begin XCBuildConfiguration section */
		017BBF8A255301BA000D4F9C /* Debug */ = {
			isa = XCBuildConfiguration;
			buildSettings = {
				ALWAYS_SEARCH_USER_PATHS = NO;
				CLANG_ANALYZER_NONNULL = YES;
				CLANG_ANALYZER_NUMBER_OBJECT_CONVERSION = YES_AGGRESSIVE;
				CLANG_CXX_LANGUAGE_STANDARD = "gnu++14";
				CLANG_CXX_LIBRARY = "libc++";
				CLANG_ENABLE_MODULES = YES;
				CLANG_ENABLE_OBJC_ARC = YES;
				CLANG_ENABLE_OBJC_WEAK = YES;
				CLANG_WARN_BLOCK_CAPTURE_AUTORELEASING = YES;
				CLANG_WARN_BOOL_CONVERSION = YES;
				CLANG_WARN_COMMA = YES;
				CLANG_WARN_CONSTANT_CONVERSION = YES;
				CLANG_WARN_DEPRECATED_OBJC_IMPLEMENTATIONS = YES;
				CLANG_WARN_DIRECT_OBJC_ISA_USAGE = YES_ERROR;
				CLANG_WARN_DOCUMENTATION_COMMENTS = YES;
				CLANG_WARN_EMPTY_BODY = YES;
				CLANG_WARN_ENUM_CONVERSION = YES;
				CLANG_WARN_INFINITE_RECURSION = YES;
				CLANG_WARN_INT_CONVERSION = YES;
				CLANG_WARN_NON_LITERAL_NULL_CONVERSION = YES;
				CLANG_WARN_OBJC_IMPLICIT_RETAIN_SELF = YES;
				CLANG_WARN_OBJC_LITERAL_CONVERSION = YES;
				CLANG_WARN_OBJC_ROOT_CLASS = YES_ERROR;
				CLANG_WARN_QUOTED_INCLUDE_IN_FRAMEWORK_HEADER = YES;
				CLANG_WARN_RANGE_LOOP_ANALYSIS = YES;
				CLANG_WARN_STRICT_PROTOTYPES = YES;
				CLANG_WARN_SUSPICIOUS_MOVE = YES;
				CLANG_WARN_UNGUARDED_AVAILABILITY = YES_AGGRESSIVE;
				CLANG_WARN_UNREACHABLE_CODE = YES;
				CLANG_WARN__DUPLICATE_METHOD_MATCH = YES;
				COPY_PHASE_STRIP = NO;
				DEBUG_INFORMATION_FORMAT = dwarf;
				ENABLE_STRICT_OBJC_MSGSEND = YES;
				ENABLE_TESTABILITY = YES;
				GCC_C_LANGUAGE_STANDARD = gnu11;
				GCC_DYNAMIC_NO_PIC = NO;
				GCC_NO_COMMON_BLOCKS = YES;
				GCC_OPTIMIZATION_LEVEL = 0;
				GCC_PREPROCESSOR_DEFINITIONS = (
					"DEBUG=1",
					"$(inherited)",
				);
				GCC_WARN_64_TO_32_BIT_CONVERSION = YES;
				GCC_WARN_ABOUT_RETURN_TYPE = YES_ERROR;
				GCC_WARN_UNDECLARED_SELECTOR = YES;
				GCC_WARN_UNINITIALIZED_AUTOS = YES_AGGRESSIVE;
				GCC_WARN_UNUSED_FUNCTION = YES;
				GCC_WARN_UNUSED_VARIABLE = YES;
				IPHONEOS_DEPLOYMENT_TARGET = 14.1;
				MTL_ENABLE_DEBUG_INFO = INCLUDE_SOURCE;
				MTL_FAST_MATH = YES;
				ONLY_ACTIVE_ARCH = YES;
				SDKROOT = iphoneos;
				SWIFT_ACTIVE_COMPILATION_CONDITIONS = DEBUG;
				SWIFT_OPTIMIZATION_LEVEL = "-Onone";
			};
			name = Debug;
		};
		017BBF8B255301BA000D4F9C /* Release */ = {
			isa = XCBuildConfiguration;
			buildSettings = {
				ALWAYS_SEARCH_USER_PATHS = NO;
				CLANG_ANALYZER_NONNULL = YES;
				CLANG_ANALYZER_NUMBER_OBJECT_CONVERSION = YES_AGGRESSIVE;
				CLANG_CXX_LANGUAGE_STANDARD = "gnu++14";
				CLANG_CXX_LIBRARY = "libc++";
				CLANG_ENABLE_MODULES = YES;
				CLANG_ENABLE_OBJC_ARC = YES;
				CLANG_ENABLE_OBJC_WEAK = YES;
				CLANG_WARN_BLOCK_CAPTURE_AUTORELEASING = YES;
				CLANG_WARN_BOOL_CONVERSION = YES;
				CLANG_WARN_COMMA = YES;
				CLANG_WARN_CONSTANT_CONVERSION = YES;
				CLANG_WARN_DEPRECATED_OBJC_IMPLEMENTATIONS = YES;
				CLANG_WARN_DIRECT_OBJC_ISA_USAGE = YES_ERROR;
				CLANG_WARN_DOCUMENTATION_COMMENTS = YES;
				CLANG_WARN_EMPTY_BODY = YES;
				CLANG_WARN_ENUM_CONVERSION = YES;
				CLANG_WARN_INFINITE_RECURSION = YES;
				CLANG_WARN_INT_CONVERSION = YES;
				CLANG_WARN_NON_LITERAL_NULL_CONVERSION = YES;
				CLANG_WARN_OBJC_IMPLICIT_RETAIN_SELF = YES;
				CLANG_WARN_OBJC_LITERAL_CONVERSION = YES;
				CLANG_WARN_OBJC_ROOT_CLASS = YES_ERROR;
				CLANG_WARN_QUOTED_INCLUDE_IN_FRAMEWORK_HEADER = YES;
				CLANG_WARN_RANGE_LOOP_ANALYSIS = YES;
				CLANG_WARN_STRICT_PROTOTYPES = YES;
				CLANG_WARN_SUSPICIOUS_MOVE = YES;
				CLANG_WARN_UNGUARDED_AVAILABILITY = YES_AGGRESSIVE;
				CLANG_WARN_UNREACHABLE_CODE = YES;
				CLANG_WARN__DUPLICATE_METHOD_MATCH = YES;
				COPY_PHASE_STRIP = NO;
				DEBUG_INFORMATION_FORMAT = "dwarf-with-dsym";
				ENABLE_NS_ASSERTIONS = NO;
				ENABLE_STRICT_OBJC_MSGSEND = YES;
				GCC_C_LANGUAGE_STANDARD = gnu11;
				GCC_NO_COMMON_BLOCKS = YES;
				GCC_WARN_64_TO_32_BIT_CONVERSION = YES;
				GCC_WARN_ABOUT_RETURN_TYPE = YES_ERROR;
				GCC_WARN_UNDECLARED_SELECTOR = YES;
				GCC_WARN_UNINITIALIZED_AUTOS = YES_AGGRESSIVE;
				GCC_WARN_UNUSED_FUNCTION = YES;
				GCC_WARN_UNUSED_VARIABLE = YES;
				IPHONEOS_DEPLOYMENT_TARGET = 14.1;
				MTL_ENABLE_DEBUG_INFO = NO;
				MTL_FAST_MATH = YES;
				SDKROOT = iphoneos;
				SWIFT_COMPILATION_MODE = wholemodule;
				SWIFT_OPTIMIZATION_LEVEL = "-O";
				VALIDATE_PRODUCT = YES;
			};
			name = Release;
		};
		017BBF8D255301BA000D4F9C /* Debug */ = {
			isa = XCBuildConfiguration;
			buildSettings = {
				ASSETCATALOG_COMPILER_APPICON_NAME = AppIcon;
				ASSETCATALOG_COMPILER_GLOBAL_ACCENT_COLOR_NAME = AccentColor;
				CODE_SIGN_STYLE = Automatic;
				DEVELOPMENT_TEAM = "";
				INFOPLIST_FILE = VoiceAPI/Info.plist;
				LD_RUNPATH_SEARCH_PATHS = (
					"$(inherited)",
					"@executable_path/Frameworks",
				);
				PRODUCT_BUNDLE_IDENTIFIER = com.what3words.VoiceAPI;
				PRODUCT_NAME = "$(TARGET_NAME)";
				SWIFT_VERSION = 5.0;
				TARGETED_DEVICE_FAMILY = "1,2";
			};
			name = Debug;
		};
		017BBF8E255301BA000D4F9C /* Release */ = {
			isa = XCBuildConfiguration;
			buildSettings = {
				ASSETCATALOG_COMPILER_APPICON_NAME = AppIcon;
				ASSETCATALOG_COMPILER_GLOBAL_ACCENT_COLOR_NAME = AccentColor;
				CODE_SIGN_STYLE = Automatic;
				DEVELOPMENT_TEAM = "";
				INFOPLIST_FILE = VoiceAPI/Info.plist;
				LD_RUNPATH_SEARCH_PATHS = (
					"$(inherited)",
					"@executable_path/Frameworks",
				);
				PRODUCT_BUNDLE_IDENTIFIER = com.what3words.VoiceAPI;
				PRODUCT_NAME = "$(TARGET_NAME)";
				SWIFT_VERSION = 5.0;
				TARGETED_DEVICE_FAMILY = "1,2";
			};
			name = Release;
		};
/* End XCBuildConfiguration section */

/* Begin XCConfigurationList section */
		017BBF73255301B8000D4F9C /* Build configuration list for PBXProject "VoiceAPI" */ = {
			isa = XCConfigurationList;
			buildConfigurations = (
				017BBF8A255301BA000D4F9C /* Debug */,
				017BBF8B255301BA000D4F9C /* Release */,
			);
			defaultConfigurationIsVisible = 0;
			defaultConfigurationName = Release;
		};
		017BBF8C255301BA000D4F9C /* Build configuration list for PBXNativeTarget "VoiceAPI" */ = {
			isa = XCConfigurationList;
			buildConfigurations = (
				017BBF8D255301BA000D4F9C /* Debug */,
				017BBF8E255301BA000D4F9C /* Release */,
			);
			defaultConfigurationIsVisible = 0;
			defaultConfigurationName = Release;
		};
/* End XCConfigurationList section */

/* Begin XCRemoteSwiftPackageReference section */
		017BBF90255301DD000D4F9C /* XCRemoteSwiftPackageReference "." */ = {
			isa = XCRemoteSwiftPackageReference;
			repositoryURL = ../../;
			requirement = {
				branch = master;
				kind = branch;
			};
		};
/* End XCRemoteSwiftPackageReference section */

/* Begin XCSwiftPackageProductDependency section */
		017BBF91255301DD000D4F9C /* W3WSwiftApi */ = {
			isa = XCSwiftPackageProductDependency;
			package = 017BBF90255301DD000D4F9C /* XCRemoteSwiftPackageReference "." */;
			productName = W3WSwiftApi;
		};
/* End XCSwiftPackageProductDependency section */
	};
	rootObject = 017BBF70255301B8000D4F9C /* Project object */;
}
