{
  "object": {
    "pins": [
      {
        "package": "w3w-swift-wrapper",
        "repositoryURL": "/Users/daveduprey/Documents/src/projects/W3WSwiftApi/src/w3w-swift-wrapper",
        "state": {
          "branch": "v4",
          "revision": "5c039f8c9d899dd3d52d805838fde81067e1caa2",
          "version": null
        }
      }
    ]
  },
  "version": 1
}
