{
  "object": {
    "pins": [
      {
        "package": "w3w-swift-wrapper",
        "repositoryURL": "/Users/daveduprey/Documents/src/projects/W3WSwiftApi/src/w3w-swift-wrapper",
        "state": {
          "branch": "v4",
          "revision": "043c8eb9469de5ad0817cc617f4c3df0dee53e10",
          "version": null
        }
      }
    ]
  },
  "version": 1
}
