// !$*UTF8*$!
{
	archiveVersion = 1;
	classes = {
	};
	objectVersion = 52;
	objects = {

/* Begin PBXBuildFile section */
		018521B3270334CB00249039 /* W3WSwiftApi in Frameworks */ = {isa = PBXBuildFile; productRef = 018521B2270334CB00249039 /* W3WSwiftApi */; };
		01B168A326EBABC600AAD30A /* AppDelegate.swift in Sources */ = {isa = PBXBuildFile; fileRef = 01B168A226EBABC600AAD30A /* AppDelegate.swift */; };
		01B168A526EBABC600AAD30A /* SceneDelegate.swift in Sources */ = {isa = PBXBuildFile; fileRef = 01B168A426EBABC600AAD30A /* SceneDelegate.swift */; };
		01B168AA26EBABC600AAD30A /* Main.storyboard in Resources */ = {isa = PBXBuildFile; fileRef = 01B168A826EBABC600AAD30A /* Main.storyboard */; };
		01B168AC26EBABC800AAD30A /* Assets.xcassets in Resources */ = {isa = PBXBuildFile; fileRef = 01B168AB26EBABC800AAD30A /* Assets.xcassets */; };
		01B168AF26EBABC800AAD30A /* LaunchScreen.storyboard in Resources */ = {isa = PBXBuildFile; fileRef = 01B168AD26EBABC800AAD30A /* LaunchScreen.storyboard */; };
		01B168BD26EBB00500AAD30A /* TableViewController.swift in Sources */ = {isa = PBXBuildFile; fileRef = 01B168BC26EBB00500AAD30A /* TableViewController.swift */; };
/* End PBXBuildFile section */

/* Begin PBXFileReference section */
		01B1689F26EBABC500AAD30A /* AutosuggestPlusYourData.app */ = {isa = PBXFileReference; explicitFileType = wrapper.application; includeInIndex = 0; path = AutosuggestPlusYourData.app; sourceTree = BUILT_PRODUCTS_DIR; };
		01B168A226EBABC600AAD30A /* AppDelegate.swift */ = {isa = PBXFileReference; lastKnownFileType = sourcecode.swift; path = AppDelegate.swift; sourceTree = "<group>"; };
		01B168A426EBABC600AAD30A /* SceneDelegate.swift */ = {isa = PBXFileReference; lastKnownFileType = sourcecode.swift; path = SceneDelegate.swift; sourceTree = "<group>"; };
		01B168A926EBABC600AAD30A /* Base */ = {isa = PBXFileReference; lastKnownFileType = file.storyboard; name = Base; path = Base.lproj/Main.storyboard; sourceTree = "<group>"; };
		01B168AB26EBABC800AAD30A /* Assets.xcassets */ = {isa = PBXFileReference; lastKnownFileType = folder.assetcatalog; path = Assets.xcassets; sourceTree = "<group>"; };
		01B168AE26EBABC800AAD30A /* Base */ = {isa = PBXFileReference; lastKnownFileType = file.storyboard; name = Base; path = Base.lproj/LaunchScreen.storyboard; sourceTree = "<group>"; };
		01B168B026EBABC800AAD30A /* Info.plist */ = {isa = PBXFileReference; lastKnownFileType = text.plist.xml; path = Info.plist; sourceTree = "<group>"; };
		01B168BC26EBB00500AAD30A /* TableViewController.swift */ = {isa = PBXFileReference; fileEncoding = 4; lastKnownFileType = sourcecode.swift; path = TableViewController.swift; sourceTree = "<group>"; };
/* End PBXFileReference section */

/* Begin PBXFrameworksBuildPhase section */
		01B1689C26EBABC500AAD30A /* Frameworks */ = {
			isa = PBXFrameworksBuildPhase;
			buildActionMask = 2147483647;
			files = (
				018521B3270334CB00249039 /* W3WSwiftApi in Frameworks */,
			);
			runOnlyForDeploymentPostprocessing = 0;
		};
/* End PBXFrameworksBuildPhase section */

/* Begin PBXGroup section */
		01B1689626EBABC500AAD30A = {
			isa = PBXGroup;
			children = (
				01B168A126EBABC500AAD30A /* AutosuggestPlusYourData */,
				01B168A026EBABC500AAD30A /* Products */,
				01B168B926EBAC3F00AAD30A /* Frameworks */,
			);
			sourceTree = "<group>";
		};
		01B168A026EBABC500AAD30A /* Products */ = {
			isa = PBXGroup;
			children = (
				01B1689F26EBABC500AAD30A /* AutosuggestPlusYourData.app */,
			);
			name = Products;
			sourceTree = "<group>";
		};
		01B168A126EBABC500AAD30A /* AutosuggestPlusYourData */ = {
			isa = PBXGroup;
			children = (
				01B168A226EBABC600AAD30A /* AppDelegate.swift */,
				01B168A426EBABC600AAD30A /* SceneDelegate.swift */,
				01B168BC26EBB00500AAD30A /* TableViewController.swift */,
				01B168A826EBABC600AAD30A /* Main.storyboard */,
				01B168AB26EBABC800AAD30A /* Assets.xcassets */,
				01B168AD26EBABC800AAD30A /* LaunchScreen.storyboard */,
				01B168B026EBABC800AAD30A /* Info.plist */,
			);
			path = AutosuggestPlusYourData;
			sourceTree = "<group>";
		};
		01B168B926EBAC3F00AAD30A /* Frameworks */ = {
			isa = PBXGroup;
			children = (
			);
			name = Frameworks;
			sourceTree = "<group>";
		};
/* End PBXGroup section */

/* Begin PBXNativeTarget section */
		01B1689E26EBABC500AAD30A /* AutosuggestPlusYourData */ = {
			isa = PBXNativeTarget;
			buildConfigurationList = 01B168B326EBABC800AAD30A /* Build configuration list for PBXNativeTarget "AutosuggestPlusYourData" */;
			buildPhases = (
				01B1689B26EBABC500AAD30A /* Sources */,
				01B1689C26EBABC500AAD30A /* Frameworks */,
				01B1689D26EBABC500AAD30A /* Resources */,
			);
			buildRules = (
			);
			dependencies = (
			);
			name = AutosuggestPlusYourData;
			packageProductDependencies = (
				018521B2270334CB00249039 /* W3WSwiftApi */,
			);
			productName = AutosuggestPlusYourData;
			productReference = 01B1689F26EBABC500AAD30A /* AutosuggestPlusYourData.app */;
			productType = "com.apple.product-type.application";
		};
/* End PBXNativeTarget section */

/* Begin PBXProject section */
		01B1689726EBABC500AAD30A /* Project object */ = {
			isa = PBXProject;
			attributes = {
				LastSwiftUpdateCheck = 1250;
				LastUpgradeCheck = 1250;
				TargetAttributes = {
					01B1689E26EBABC500AAD30A = {
						CreatedOnToolsVersion = 12.5;
					};
				};
			};
			buildConfigurationList = 01B1689A26EBABC500AAD30A /* Build configuration list for PBXProject "AutosuggestPlusYourData" */;
			compatibilityVersion = "Xcode 9.3";
			developmentRegion = en;
			hasScannedForEncodings = 0;
			knownRegions = (
				en,
				Base,
			);
			mainGroup = 01B1689626EBABC500AAD30A;
			packageReferences = (
				018521B1270334CB00249039 /* XCRemoteSwiftPackageReference "." */,
			);
			productRefGroup = 01B168A026EBABC500AAD30A /* Products */;
			projectDirPath = "";
			projectRoot = "";
			targets = (
				01B1689E26EBABC500AAD30A /* AutosuggestPlusYourData */,
			);
		};
/* End PBXProject section */

/* Begin PBXResourcesBuildPhase section */
		01B1689D26EBABC500AAD30A /* Resources */ = {
			isa = PBXResourcesBuildPhase;
			buildActionMask = 2147483647;
			files = (
				01B168AF26EBABC800AAD30A /* LaunchScreen.storyboard in Resources */,
				01B168AC26EBABC800AAD30A /* Assets.xcassets in Resources */,
				01B168AA26EBABC600AAD30A /* Main.storyboard in Resources */,
			);
			runOnlyForDeploymentPostprocessing = 0;
		};
/* End PBXResourcesBuildPhase section */

/* Begin PBXSourcesBuildPhase section */
		01B1689B26EBABC500AAD30A /* Sources */ = {
			isa = PBXSourcesBuildPhase;
			buildActionMask = 2147483647;
			files = (
				01B168A326EBABC600AAD30A /* AppDelegate.swift in Sources */,
				01B168BD26EBB00500AAD30A /* TableViewController.swift in Sources */,
				01B168A526EBABC600AAD30A /* SceneDelegate.swift in Sources */,
			);
			runOnlyForDeploymentPostprocessing = 0;
		};
/* End PBXSourcesBuildPhase section */

/* Begin PBXVariantGroup section */
		01B168A826EBABC600AAD30A /* Main.storyboard */ = {
			isa = PBXVariantGroup;
			children = (
				01B168A926EBABC600AAD30A /* Base */,
			);
			name = Main.storyboard;
			sourceTree = "<group>";
		};
		01B168AD26EBABC800AAD30A /* LaunchScreen.storyboard */ = {
			isa = PBXVariantGroup;
			children = (
				01B168AE26EBABC800AAD30A /* Base */,
			);
			name = LaunchScreen.storyboard;
			sourceTree = "<group>";
		};
/* End PBXVariantGroup section */

/* Begin XCBuildConfiguration section */
		01B168B126EBABC800AAD30A /* Debug */ = {
			isa = XCBuildConfiguration;
			buildSettings = {
				ALWAYS_SEARCH_USER_PATHS = NO;
				CLANG_ANALYZER_NONNULL = YES;
				CLANG_ANALYZER_NUMBER_OBJECT_CONVERSION = YES_AGGRESSIVE;
				CLANG_CXX_LANGUAGE_STANDARD = "gnu++14";
				CLANG_CXX_LIBRARY = "libc++";
				CLANG_ENABLE_MODULES = YES;
				CLANG_ENABLE_OBJC_ARC = YES;
				CLANG_ENABLE_OBJC_WEAK = YES;
				CLANG_WARN_BLOCK_CAPTURE_AUTORELEASING = YES;
				CLANG_WARN_BOOL_CONVERSION = YES;
				CLANG_WARN_COMMA = YES;
				CLANG_WARN_CONSTANT_CONVERSION = YES;
				CLANG_WARN_DEPRECATED_OBJC_IMPLEMENTATIONS = YES;
				CLANG_WARN_DIRECT_OBJC_ISA_USAGE = YES_ERROR;
				CLANG_WARN_DOCUMENTATION_COMMENTS = YES;
				CLANG_WARN_EMPTY_BODY = YES;
				CLANG_WARN_ENUM_CONVERSION = YES;
				CLANG_WARN_INFINITE_RECURSION = YES;
				CLANG_WARN_INT_CONVERSION = YES;
				CLANG_WARN_NON_LITERAL_NULL_CONVERSION = YES;
				CLANG_WARN_OBJC_IMPLICIT_RETAIN_SELF = YES;
				CLANG_WARN_OBJC_LITERAL_CONVERSION = YES;
				CLANG_WARN_OBJC_ROOT_CLASS = YES_ERROR;
				CLANG_WARN_QUOTED_INCLUDE_IN_FRAMEWORK_HEADER = YES;
				CLANG_WARN_RANGE_LOOP_ANALYSIS = YES;
				CLANG_WARN_STRICT_PROTOTYPES = YES;
				CLANG_WARN_SUSPICIOUS_MOVE = YES;
				CLANG_WARN_UNGUARDED_AVAILABILITY = YES_AGGRESSIVE;
				CLANG_WARN_UNREACHABLE_CODE = YES;
				CLANG_WARN__DUPLICATE_METHOD_MATCH = YES;
				COPY_PHASE_STRIP = NO;
				DEBUG_INFORMATION_FORMAT = dwarf;
				ENABLE_STRICT_OBJC_MSGSEND = YES;
				ENABLE_TESTABILITY = YES;
				GCC_C_LANGUAGE_STANDARD = gnu11;
				GCC_DYNAMIC_NO_PIC = NO;
				GCC_NO_COMMON_BLOCKS = YES;
				GCC_OPTIMIZATION_LEVEL = 0;
				GCC_PREPROCESSOR_DEFINITIONS = (
					"DEBUG=1",
					"$(inherited)",
				);
				GCC_WARN_64_TO_32_BIT_CONVERSION = YES;
				GCC_WARN_ABOUT_RETURN_TYPE = YES_ERROR;
				GCC_WARN_UNDECLARED_SELECTOR = YES;
				GCC_WARN_UNINITIALIZED_AUTOS = YES_AGGRESSIVE;
				GCC_WARN_UNUSED_FUNCTION = YES;
				GCC_WARN_UNUSED_VARIABLE = YES;
				IPHONEOS_DEPLOYMENT_TARGET = 14.5;
				MTL_ENABLE_DEBUG_INFO = INCLUDE_SOURCE;
				MTL_FAST_MATH = YES;
				ONLY_ACTIVE_ARCH = YES;
				SDKROOT = iphoneos;
				SWIFT_ACTIVE_COMPILATION_CONDITIONS = DEBUG;
				SWIFT_OPTIMIZATION_LEVEL = "-Onone";
			};
			name = Debug;
		};
		01B168B226EBABC800AAD30A /* Release */ = {
			isa = XCBuildConfiguration;
			buildSettings = {
				ALWAYS_SEARCH_USER_PATHS = NO;
				CLANG_ANALYZER_NONNULL = YES;
				CLANG_ANALYZER_NUMBER_OBJECT_CONVERSION = YES_AGGRESSIVE;
				CLANG_CXX_LANGUAGE_STANDARD = "gnu++14";
				CLANG_CXX_LIBRARY = "libc++";
				CLANG_ENABLE_MODULES = YES;
				CLANG_ENABLE_OBJC_ARC = YES;
				CLANG_ENABLE_OBJC_WEAK = YES;
				CLANG_WARN_BLOCK_CAPTURE_AUTORELEASING = YES;
				CLANG_WARN_BOOL_CONVERSION = YES;
				CLANG_WARN_COMMA = YES;
				CLANG_WARN_CONSTANT_CONVERSION = YES;
				CLANG_WARN_DEPRECATED_OBJC_IMPLEMENTATIONS = YES;
				CLANG_WARN_DIRECT_OBJC_ISA_USAGE = YES_ERROR;
				CLANG_WARN_DOCUMENTATION_COMMENTS = YES;
				CLANG_WARN_EMPTY_BODY = YES;
				CLANG_WARN_ENUM_CONVERSION = YES;
				CLANG_WARN_INFINITE_RECURSION = YES;
				CLANG_WARN_INT_CONVERSION = YES;
				CLANG_WARN_NON_LITERAL_NULL_CONVERSION = YES;
				CLANG_WARN_OBJC_IMPLICIT_RETAIN_SELF = YES;
				CLANG_WARN_OBJC_LITERAL_CONVERSION = YES;
				CLANG_WARN_OBJC_ROOT_CLASS = YES_ERROR;
				CLANG_WARN_QUOTED_INCLUDE_IN_FRAMEWORK_HEADER = YES;
				CLANG_WARN_RANGE_LOOP_ANALYSIS = YES;
				CLANG_WARN_STRICT_PROTOTYPES = YES;
				CLANG_WARN_SUSPICIOUS_MOVE = YES;
				CLANG_WARN_UNGUARDED_AVAILABILITY = YES_AGGRESSIVE;
				CLANG_WARN_UNREACHABLE_CODE = YES;
				CLANG_WARN__DUPLICATE_METHOD_MATCH = YES;
				COPY_PHASE_STRIP = NO;
				DEBUG_INFORMATION_FORMAT = "dwarf-with-dsym";
				ENABLE_NS_ASSERTIONS = NO;
				ENABLE_STRICT_OBJC_MSGSEND = YES;
				GCC_C_LANGUAGE_STANDARD = gnu11;
				GCC_NO_COMMON_BLOCKS = YES;
				GCC_WARN_64_TO_32_BIT_CONVERSION = YES;
				GCC_WARN_ABOUT_RETURN_TYPE = YES_ERROR;
				GCC_WARN_UNDECLARED_SELECTOR = YES;
				GCC_WARN_UNINITIALIZED_AUTOS = YES_AGGRESSIVE;
				GCC_WARN_UNUSED_FUNCTION = YES;
				GCC_WARN_UNUSED_VARIABLE = YES;
				IPHONEOS_DEPLOYMENT_TARGET = 14.5;
				MTL_ENABLE_DEBUG_INFO = NO;
				MTL_FAST_MATH = YES;
				SDKROOT = iphoneos;
				SWIFT_COMPILATION_MODE = wholemodule;
				SWIFT_OPTIMIZATION_LEVEL = "-O";
				VALIDATE_PRODUCT = YES;
			};
			name = Release;
		};
		01B168B426EBABC800AAD30A /* Debug */ = {
			isa = XCBuildConfiguration;
			buildSettings = {
				ASSETCATALOG_COMPILER_APPICON_NAME = AppIcon;
				ASSETCATALOG_COMPILER_GLOBAL_ACCENT_COLOR_NAME = AccentColor;
				CODE_SIGN_STYLE = Manual;
				DEVELOPMENT_TEAM = "";
				INFOPLIST_FILE = AutosuggestPlusYourData/Info.plist;
				IPHONEOS_DEPLOYMENT_TARGET = 13.0;
				LD_RUNPATH_SEARCH_PATHS = (
					"$(inherited)",
					"@executable_path/Frameworks",
				);
				PRODUCT_BUNDLE_IDENTIFIER = com.what3words.AutosuggestPlusYourData;
				PRODUCT_NAME = "$(TARGET_NAME)";
				PROVISIONING_PROFILE_SPECIFIER = "";
				SWIFT_VERSION = 5.0;
				TARGETED_DEVICE_FAMILY = "1,2";
			};
			name = Debug;
		};
		01B168B526EBABC800AAD30A /* Release */ = {
			isa = XCBuildConfiguration;
			buildSettings = {
				ASSETCATALOG_COMPILER_APPICON_NAME = AppIcon;
				ASSETCATALOG_COMPILER_GLOBAL_ACCENT_COLOR_NAME = AccentColor;
				CODE_SIGN_STYLE = Manual;
				DEVELOPMENT_TEAM = "";
				INFOPLIST_FILE = AutosuggestPlusYourData/Info.plist;
				IPHONEOS_DEPLOYMENT_TARGET = 13.0;
				LD_RUNPATH_SEARCH_PATHS = (
					"$(inherited)",
					"@executable_path/Frameworks",
				);
				PRODUCT_BUNDLE_IDENTIFIER = com.what3words.AutosuggestPlusYourData;
				PRODUCT_NAME = "$(TARGET_NAME)";
				PROVISIONING_PROFILE_SPECIFIER = "";
				SWIFT_VERSION = 5.0;
				TARGETED_DEVICE_FAMILY = "1,2";
			};
			name = Release;
		};
/* End XCBuildConfiguration section */

/* Begin XCConfigurationList section */
		01B1689A26EBABC500AAD30A /* Build configuration list for PBXProject "AutosuggestPlusYourData" */ = {
			isa = XCConfigurationList;
			buildConfigurations = (
				01B168B126EBABC800AAD30A /* Debug */,
				01B168B226EBABC800AAD30A /* Release */,
			);
			defaultConfigurationIsVisible = 0;
			defaultConfigurationName = Release;
		};
		01B168B326EBABC800AAD30A /* Build configuration list for PBXNativeTarget "AutosuggestPlusYourData" */ = {
			isa = XCConfigurationList;
			buildConfigurations = (
				01B168B426EBABC800AAD30A /* Debug */,
				01B168B526EBABC800AAD30A /* Release */,
			);
			defaultConfigurationIsVisible = 0;
			defaultConfigurationName = Release;
		};
/* End XCConfigurationList section */

/* Begin XCRemoteSwiftPackageReference section */
		018521B1270334CB00249039 /* XCRemoteSwiftPackageReference "." */ = {
			isa = XCRemoteSwiftPackageReference;
			repositoryURL = ../../;
			requirement = {
				branch = master;
				kind = branch;
			};
		};
/* End XCRemoteSwiftPackageReference section */

/* Begin XCSwiftPackageProductDependency section */
		018521B2270334CB00249039 /* W3WSwiftApi */ = {
			isa = XCSwiftPackageProductDependency;
			package = 018521B1270334CB00249039 /* XCRemoteSwiftPackageReference "." */;
			productName = W3WSwiftApi;
		};
/* End XCSwiftPackageProductDependency section */
	};
	rootObject = 01B1689726EBABC500AAD30A /* Project object */;
}
