{
  "object": {
    "pins": [
      {
        "package": "w3w-swift-wrapper",
        "repositoryURL": "/Users/daveduprey/Documents/src/projects/W3WSwiftApi/src/w3w-swift-wrapper",
        "state": {
          "branch": "v4",
          "revision": "930bf4b14107cb29b09061e435c827ec3092b3ed",
          "version": null
        }
      }
    ]
  },
  "version": 1
}
